
Microsoft Visual Studio Solution File, Format Version 12.00
Project("{FAE04EC0-301F-11D3-BF4B-00C04F79EFBC}") = "SupplyChain", "SupplyChain\SupplyChain.csproj", "{BE39B6FD-EB4F-43D2-B97E-B595FE2B0476}"
EndProject
Global
	GlobalSection(SolutionConfigurationPlatforms) = preSolution
		Debug|Any CPU = Debug|Any CPU
		Release|Any CPU = Release|Any CPU
	EndGlobalSection
	GlobalSection(ProjectConfigurationPlatforms) = postSolution
		{BE39B6FD-EB4F-43D2-B97E-B595FE2B0476}.Debug|Any CPU.ActiveCfg = Debug|Any CPU
		{BE39B6FD-EB4F-43D2-B97E-B595FE2B0476}.Debug|Any CPU.Build.0 = Debug|Any CPU
		{BE39B6FD-EB4F-43D2-B97E-B595FE2B0476}.Release|Any CPU.ActiveCfg = Release|Any CPU
		{BE39B6FD-EB4F-43D2-B97E-B595FE2B0476}.Release|Any CPU.Build.0 = Release|Any CPU
	EndGlobalSection
EndGlobal
